// !$*UTF8*$!
{
	archiveVersion = 1;
	classes = {
	};
	objectVersion = 55;
	objects = {

/* Begin PBXBuildFile section */
		3D28CE5C27072C2400F98B99 /* RxCocoa in Frameworks */ = {isa = PBXBuildFile; productRef = 3D28CE5B27072C2400F98B99 /* RxCocoa */; };
		3D28CE5E27072C2400F98B99 /* RxRelay in Frameworks */ = {isa = PBXBuildFile; productRef = 3D28CE5D27072C2400F98B99 /* RxRelay */; };
		3D28CE6027072C2400F98B99 /* RxSwift in Frameworks */ = {isa = PBXBuildFile; productRef = 3D28CE5F27072C2400F98B99 /* RxSwift */; };
		3D9B60552707317200A9F0E4 /* Model.swift in Sources */ = {isa = PBXBuildFile; fileRef = 3D9B60542707317200A9F0E4 /* Model.swift */; };
		3DD0A0652706F45C0051B9C8 /* AppDelegate.swift in Sources */ = {isa = PBXBuildFile; fileRef = 3DD0A0642706F45C0051B9C8 /* AppDelegate.swift */; };
		3DD0A0672706F45C0051B9C8 /* SceneDelegate.swift in Sources */ = {isa = PBXBuildFile; fileRef = 3DD0A0662706F45C0051B9C8 /* SceneDelegate.swift */; };
		3DD0A0692706F45C0051B9C8 /* ViewController.swift in Sources */ = {isa = PBXBuildFile; fileRef = 3DD0A0682706F45C0051B9C8 /* ViewController.swift */; };
		3DD0A06C2706F45C0051B9C8 /* Main.storyboard in Resources */ = {isa = PBXBuildFile; fileRef = 3DD0A06A2706F45C0051B9C8 /* Main.storyboard */; };
		3DD0A06E2706F4600051B9C8 /* Assets.xcassets in Resources */ = {isa = PBXBuildFile; fileRef = 3DD0A06D2706F4600051B9C8 /* Assets.xcassets */; };
		3DD0A0712706F4600051B9C8 /* LaunchScreen.storyboard in Resources */ = {isa = PBXBuildFile; fileRef = 3DD0A06F2706F4600051B9C8 /* LaunchScreen.storyboard */; };
		3DD0A07C2706F4600051B9C8 /* MVVMPracticeTests.swift in Sources */ = {isa = PBXBuildFile; fileRef = 3DD0A07B2706F4600051B9C8 /* MVVMPracticeTests.swift */; };
		3DD0A0862706F4600051B9C8 /* MVVMPracticeUITests.swift in Sources */ = {isa = PBXBuildFile; fileRef = 3DD0A0852706F4600051B9C8 /* MVVMPracticeUITests.swift */; };
		3DD0A0882706F4600051B9C8 /* MVVMPracticeUITestsLaunchTests.swift in Sources */ = {isa = PBXBuildFile; fileRef = 3DD0A0872706F4600051B9C8 /* MVVMPracticeUITestsLaunchTests.swift */; };
/* End PBXBuildFile section */

/* Begin PBXContainerItemProxy section */
		3DD0A0782706F4600051B9C8 /* PBXContainerItemProxy */ = {
			isa = PBXContainerItemProxy;
			containerPortal = 3DD0A0592706F45C0051B9C8 /* Project object */;
			proxyType = 1;
			remoteGlobalIDString = 3DD0A0602706F45C0051B9C8;
			remoteInfo = MVVMPractice;
		};
		3DD0A0822706F4600051B9C8 /* PBXContainerItemProxy */ = {
			isa = PBXContainerItemProxy;
			containerPortal = 3DD0A0592706F45C0051B9C8 /* Project object */;
			proxyType = 1;
			remoteGlobalIDString = 3DD0A0602706F45C0051B9C8;
			remoteInfo = MVVMPractice;
		};
/* End PBXContainerItemProxy section */

/* Begin PBXFileReference section */
		3D9B60542707317200A9F0E4 /* Model.swift */ = {isa = PBXFileReference; lastKnownFileType = sourcecode.swift; path = Model.swift; sourceTree = "<group>"; };
		3DD0A0612706F45C0051B9C8 /* MVVMPractice.app */ = {isa = PBXFileReference; explicitFileType = wrapper.application; includeInIndex = 0; path = MVVMPractice.app; sourceTree = BUILT_PRODUCTS_DIR; };
		3DD0A0642706F45C0051B9C8 /* AppDelegate.swift */ = {isa = PBXFileReference; lastKnownFileType = sourcecode.swift; path = AppDelegate.swift; sourceTree = "<group>"; };
		3DD0A0662706F45C0051B9C8 /* SceneDelegate.swift */ = {isa = PBXFileReference; lastKnownFileType = sourcecode.swift; path = SceneDelegate.swift; sourceTree = "<group>"; };
		3DD0A0682706F45C0051B9C8 /* ViewController.swift */ = {isa = PBXFileReference; lastKnownFileType = sourcecode.swift; path = ViewController.swift; sourceTree = "<group>"; };
		3DD0A06B2706F45C0051B9C8 /* Base */ = {isa = PBXFileReference; lastKnownFileType = file.storyboard; name = Base; path = Base.lproj/Main.storyboard; sourceTree = "<group>"; };
		3DD0A06D2706F4600051B9C8 /* Assets.xcassets */ = {isa = PBXFileReference; lastKnownFileType = folder.assetcatalog; path = Assets.xcassets; sourceTree = "<group>"; };
		3DD0A0702706F4600051B9C8 /* Base */ = {isa = PBXFileReference; lastKnownFileType = file.storyboard; name = Base; path = Base.lproj/LaunchScreen.storyboard; sourceTree = "<group>"; };
		3DD0A0722706F4600051B9C8 /* Info.plist */ = {isa = PBXFileReference; lastKnownFileType = text.plist.xml; path = Info.plist; sourceTree = "<group>"; };
		3DD0A0772706F4600051B9C8 /* MVVMPracticeTests.xctest */ = {isa = PBXFileReference; explicitFileType = wrapper.cfbundle; includeInIndex = 0; path = MVVMPracticeTests.xctest; sourceTree = BUILT_PRODUCTS_DIR; };
		3DD0A07B2706F4600051B9C8 /* MVVMPracticeTests.swift */ = {isa = PBXFileReference; lastKnownFileType = sourcecode.swift; path = MVVMPracticeTests.swift; sourceTree = "<group>"; };
		3DD0A0812706F4600051B9C8 /* MVVMPracticeUITests.xctest */ = {isa = PBXFileReference; explicitFileType = wrapper.cfbundle; includeInIndex = 0; path = MVVMPracticeUITests.xctest; sourceTree = BUILT_PRODUCTS_DIR; };
		3DD0A0852706F4600051B9C8 /* MVVMPracticeUITests.swift */ = {isa = PBXFileReference; lastKnownFileType = sourcecode.swift; path = MVVMPracticeUITests.swift; sourceTree = "<group>"; };
		3DD0A0872706F4600051B9C8 /* MVVMPracticeUITestsLaunchTests.swift */ = {isa = PBXFileReference; lastKnownFileType = sourcecode.swift; path = MVVMPracticeUITestsLaunchTests.swift; sourceTree = "<group>"; };
/* End PBXFileReference section */

/* Begin PBXFrameworksBuildPhase section */
		3DD0A05E2706F45C0051B9C8 /* Frameworks */ = {
			isa = PBXFrameworksBuildPhase;
			buildActionMask = 2147483647;
			files = (
				3D28CE5E27072C2400F98B99 /* RxRelay in Frameworks */,
				3D28CE5C27072C2400F98B99 /* RxCocoa in Frameworks */,
				3D28CE6027072C2400F98B99 /* RxSwift in Frameworks */,
			);
			runOnlyForDeploymentPostprocessing = 0;
		};
		3DD0A0742706F4600051B9C8 /* Frameworks */ = {
			isa = PBXFrameworksBuildPhase;
			buildActionMask = 2147483647;
			files = (
			);
			runOnlyForDeploymentPostprocessing = 0;
		};
		3DD0A07E2706F4600051B9C8 /* Frameworks */ = {
			isa = PBXFrameworksBuildPhase;
			buildActionMask = 2147483647;
			files = (
			);
			runOnlyForDeploymentPostprocessing = 0;
		};
/* End PBXFrameworksBuildPhase section */

/* Begin PBXGroup section */
		3DD0A0582706F45C0051B9C8 = {
			isa = PBXGroup;
			children = (
				3DD0A0632706F45C0051B9C8 /* MVVMPractice */,
				3DD0A07A2706F4600051B9C8 /* MVVMPracticeTests */,
				3DD0A0842706F4600051B9C8 /* MVVMPracticeUITests */,
				3DD0A0622706F45C0051B9C8 /* Products */,
			);
			sourceTree = "<group>";
		};
		3DD0A0622706F45C0051B9C8 /* Products */ = {
			isa = PBXGroup;
			children = (
				3DD0A0612706F45C0051B9C8 /* MVVMPractice.app */,
				3DD0A0772706F4600051B9C8 /* MVVMPracticeTests.xctest */,
				3DD0A0812706F4600051B9C8 /* MVVMPracticeUITests.xctest */,
			);
			name = Products;
			sourceTree = "<group>";
		};
		3DD0A0632706F45C0051B9C8 /* MVVMPractice */ = {
			isa = PBXGroup;
			children = (
				3DD0A0642706F45C0051B9C8 /* AppDelegate.swift */,
				3DD0A0662706F45C0051B9C8 /* SceneDelegate.swift */,
				3DD0A0682706F45C0051B9C8 /* ViewController.swift */,
				3DD0A06A2706F45C0051B9C8 /* Main.storyboard */,
				3DD0A06D2706F4600051B9C8 /* Assets.xcassets */,
				3DD0A06F2706F4600051B9C8 /* LaunchScreen.storyboard */,
				3DD0A0722706F4600051B9C8 /* Info.plist */,
				3D9B60542707317200A9F0E4 /* Model.swift */,
			);
			path = MVVMPractice;
			sourceTree = "<group>";
		};
		3DD0A07A2706F4600051B9C8 /* MVVMPracticeTests */ = {
			isa = PBXGroup;
			children = (
				3DD0A07B2706F4600051B9C8 /* MVVMPracticeTests.swift */,
			);
			path = MVVMPracticeTests;
			sourceTree = "<group>";
		};
		3DD0A0842706F4600051B9C8 /* MVVMPracticeUITests */ = {
			isa = PBXGroup;
			children = (
				3DD0A0852706F4600051B9C8 /* MVVMPracticeUITests.swift */,
				3DD0A0872706F4600051B9C8 /* MVVMPracticeUITestsLaunchTests.swift */,
			);
			path = MVVMPracticeUITests;
			sourceTree = "<group>";
		};
/* End PBXGroup section */

/* Begin PBXNativeTarget section */
		3DD0A0602706F45C0051B9C8 /* MVVMPractice */ = {
			isa = PBXNativeTarget;
			buildConfigurationList = 3DD0A08B2706F4600051B9C8 /* Build configuration list for PBXNativeTarget "MVVMPractice" */;
			buildPhases = (
				3DD0A05D2706F45C0051B9C8 /* Sources */,
				3DD0A05E2706F45C0051B9C8 /* Frameworks */,
				3DD0A05F2706F45C0051B9C8 /* Resources */,
			);
			buildRules = (
			);
			dependencies = (
			);
			name = MVVMPractice;
			packageProductDependencies = (
				3D28CE5B27072C2400F98B99 /* RxCocoa */,
				3D28CE5D27072C2400F98B99 /* RxRelay */,
				3D28CE5F27072C2400F98B99 /* RxSwift */,
			);
			productName = MVVMPractice;
			productReference = 3DD0A0612706F45C0051B9C8 /* MVVMPractice.app */;
			productType = "com.apple.product-type.application";
		};
		3DD0A0762706F4600051B9C8 /* MVVMPracticeTests */ = {
			isa = PBXNativeTarget;
			buildConfigurationList = 3DD0A08E2706F4600051B9C8 /* Build configuration list for PBXNativeTarget "MVVMPracticeTests" */;
			buildPhases = (
				3DD0A0732706F4600051B9C8 /* Sources */,
				3DD0A0742706F4600051B9C8 /* Frameworks */,
				3DD0A0752706F4600051B9C8 /* Resources */,
			);
			buildRules = (
			);
			dependencies = (
				3DD0A0792706F4600051B9C8 /* PBXTargetDependency */,
			);
			name = MVVMPracticeTests;
			productName = MVVMPracticeTests;
			productReference = 3DD0A0772706F4600051B9C8 /* MVVMPracticeTests.xctest */;
			productType = "com.apple.product-type.bundle.unit-test";
		};
		3DD0A0802706F4600051B9C8 /* MVVMPracticeUITests */ = {
			isa = PBXNativeTarget;
			buildConfigurationList = 3DD0A0912706F4600051B9C8 /* Build configuration list for PBXNativeTarget "MVVMPracticeUITests" */;
			buildPhases = (
				3DD0A07D2706F4600051B9C8 /* Sources */,
				3DD0A07E2706F4600051B9C8 /* Frameworks */,
				3DD0A07F2706F4600051B9C8 /* Resources */,
			);
			buildRules = (
			);
			dependencies = (
				3DD0A0832706F4600051B9C8 /* PBXTargetDependency */,
			);
			name = MVVMPracticeUITests;
			productName = MVVMPracticeUITests;
			productReference = 3DD0A0812706F4600051B9C8 /* MVVMPracticeUITests.xctest */;
			productType = "com.apple.product-type.bundle.ui-testing";
		};
/* End PBXNativeTarget section */

/* Begin PBXProject section */
		3DD0A0592706F45C0051B9C8 /* Project object */ = {
			isa = PBXProject;
			attributes = {
				BuildIndependentTargetsInParallel = 1;
				LastSwiftUpdateCheck = 1300;
				LastUpgradeCheck = 1300;
				TargetAttributes = {
					3DD0A0602706F45C0051B9C8 = {
						CreatedOnToolsVersion = 13.0;
					};
					3DD0A0762706F4600051B9C8 = {
						CreatedOnToolsVersion = 13.0;
						TestTargetID = 3DD0A0602706F45C0051B9C8;
					};
					3DD0A0802706F4600051B9C8 = {
						CreatedOnToolsVersion = 13.0;
						TestTargetID = 3DD0A0602706F45C0051B9C8;
					};
				};
			};
			buildConfigurationList = 3DD0A05C2706F45C0051B9C8 /* Build configuration list for PBXProject "MVVMPractice" */;
			compatibilityVersion = "Xcode 13.0";
			developmentRegion = en;
			hasScannedForEncodings = 0;
			knownRegions = (
				en,
				Base,
			);
			mainGroup = 3DD0A0582706F45C0051B9C8;
			packageReferences = (
				3D28CE5827072C2400F98B99 /* XCRemoteSwiftPackageReference "RxSwift" */,
			);
			productRefGroup = 3DD0A0622706F45C0051B9C8 /* Products */;
			projectDirPath = "";
			projectRoot = "";
			targets = (
				3DD0A0602706F45C0051B9C8 /* MVVMPractice */,
				3DD0A0762706F4600051B9C8 /* MVVMPracticeTests */,
				3DD0A0802706F4600051B9C8 /* MVVMPracticeUITests */,
			);
		};
/* End PBXProject section */

/* Begin PBXResourcesBuildPhase section */
		3DD0A05F2706F45C0051B9C8 /* Resources */ = {
			isa = PBXResourcesBuildPhase;
			buildActionMask = 2147483647;
			files = (
				3DD0A0712706F4600051B9C8 /* LaunchScreen.storyboard in Resources */,
				3DD0A06E2706F4600051B9C8 /* Assets.xcassets in Resources */,
				3DD0A06C2706F45C0051B9C8 /* Main.storyboard in Resources */,
			);
			runOnlyForDeploymentPostprocessing = 0;
		};
		3DD0A0752706F4600051B9C8 /* Resources */ = {
			isa = PBXResourcesBuildPhase;
			buildActionMask = 2147483647;
			files = (
			);
			runOnlyForDeploymentPostprocessing = 0;
		};
		3DD0A07F2706F4600051B9C8 /* Resources */ = {
			isa = PBXResourcesBuildPhase;
			buildActionMask = 2147483647;
			files = (
			);
			runOnlyForDeploymentPostprocessing = 0;
		};
/* End PBXResourcesBuildPhase section */

/* Begin PBXSourcesBuildPhase section */
		3DD0A05D2706F45C0051B9C8 /* Sources */ = {
			isa = PBXSourcesBuildPhase;
			buildActionMask = 2147483647;
			files = (
				3DD0A0692706F45C0051B9C8 /* ViewController.swift in Sources */,
				3DD0A0652706F45C0051B9C8 /* AppDelegate.swift in Sources */,
				3DD0A0672706F45C0051B9C8 /* SceneDelegate.swift in Sources */,
				3D9B60552707317200A9F0E4 /* Model.swift in Sources */,
			);
			runOnlyForDeploymentPostprocessing = 0;
		};
		3DD0A0732706F4600051B9C8 /* Sources */ = {
			isa = PBXSourcesBuildPhase;
			buildActionMask = 2147483647;
			files = (
				3DD0A07C2706F4600051B9C8 /* MVVMPracticeTests.swift in Sources */,
			);
			runOnlyForDeploymentPostprocessing = 0;
		};
		3DD0A07D2706F4600051B9C8 /* Sources */ = {
			isa = PBXSourcesBuildPhase;
			buildActionMask = 2147483647;
			files = (
				3DD0A0862706F4600051B9C8 /* MVVMPracticeUITests.swift in Sources */,
				3DD0A0882706F4600051B9C8 /* MVVMPracticeUITestsLaunchTests.swift in Sources */,
			);
			runOnlyForDeploymentPostprocessing = 0;
		};
/* End PBXSourcesBuildPhase section */

/* Begin PBXTargetDependency section */
		3DD0A0792706F4600051B9C8 /* PBXTargetDependency */ = {
			isa = PBXTargetDependency;
			target = 3DD0A0602706F45C0051B9C8 /* MVVMPractice */;
			targetProxy = 3DD0A0782706F4600051B9C8 /* PBXContainerItemProxy */;
		};
		3DD0A0832706F4600051B9C8 /* PBXTargetDependency */ = {
			isa = PBXTargetDependency;
			target = 3DD0A0602706F45C0051B9C8 /* MVVMPractice */;
			targetProxy = 3DD0A0822706F4600051B9C8 /* PBXContainerItemProxy */;
		};
/* End PBXTargetDependency section */

/* Begin PBXVariantGroup section */
		3DD0A06A2706F45C0051B9C8 /* Main.storyboard */ = {
			isa = PBXVariantGroup;
			children = (
				3DD0A06B2706F45C0051B9C8 /* Base */,
			);
			name = Main.storyboard;
			sourceTree = "<group>";
		};
		3DD0A06F2706F4600051B9C8 /* LaunchScreen.storyboard */ = {
			isa = PBXVariantGroup;
			children = (
				3DD0A0702706F4600051B9C8 /* Base */,
			);
			name = LaunchScreen.storyboard;
			sourceTree = "<group>";
		};
/* End PBXVariantGroup section */

/* Begin XCBuildConfiguration section */
		3DD0A0892706F4600051B9C8 /* Debug */ = {
			isa = XCBuildConfiguration;
			buildSettings = {
				ALWAYS_SEARCH_USER_PATHS = NO;
				CLANG_ANALYZER_NONNULL = YES;
				CLANG_ANALYZER_NUMBER_OBJECT_CONVERSION = YES_AGGRESSIVE;
				CLANG_CXX_LANGUAGE_STANDARD = "gnu++17";
				CLANG_CXX_LIBRARY = "libc++";
				CLANG_ENABLE_MODULES = YES;
				CLANG_ENABLE_OBJC_ARC = YES;
				CLANG_ENABLE_OBJC_WEAK = YES;
				CLANG_WARN_BLOCK_CAPTURE_AUTORELEASING = YES;
				CLANG_WARN_BOOL_CONVERSION = YES;
				CLANG_WARN_COMMA = YES;
				CLANG_WARN_CONSTANT_CONVERSION = YES;
				CLANG_WARN_DEPRECATED_OBJC_IMPLEMENTATIONS = YES;
				CLANG_WARN_DIRECT_OBJC_ISA_USAGE = YES_ERROR;
				CLANG_WARN_DOCUMENTATION_COMMENTS = YES;
				CLANG_WARN_EMPTY_BODY = YES;
				CLANG_WARN_ENUM_CONVERSION = YES;
				CLANG_WARN_INFINITE_RECURSION = YES;
				CLANG_WARN_INT_CONVERSION = YES;
				CLANG_WARN_NON_LITERAL_NULL_CONVERSION = YES;
				CLANG_WARN_OBJC_IMPLICIT_RETAIN_SELF = YES;
				CLANG_WARN_OBJC_LITERAL_CONVERSION = YES;
				CLANG_WARN_OBJC_ROOT_CLASS = YES_ERROR;
				CLANG_WARN_QUOTED_INCLUDE_IN_FRAMEWORK_HEADER = YES;
				CLANG_WARN_RANGE_LOOP_ANALYSIS = YES;
				CLANG_WARN_STRICT_PROTOTYPES = YES;
				CLANG_WARN_SUSPICIOUS_MOVE = YES;
				CLANG_WARN_UNGUARDED_AVAILABILITY = YES_AGGRESSIVE;
				CLANG_WARN_UNREACHABLE_CODE = YES;
				CLANG_WARN__DUPLICATE_METHOD_MATCH = YES;
				COPY_PHASE_STRIP = NO;
				DEBUG_INFORMATION_FORMAT = dwarf;
				ENABLE_STRICT_OBJC_MSGSEND = YES;
				ENABLE_TESTABILITY = YES;
				GCC_C_LANGUAGE_STANDARD = gnu11;
				GCC_DYNAMIC_NO_PIC = NO;
				GCC_NO_COMMON_BLOCKS = YES;
				GCC_OPTIMIZATION_LEVEL = 0;
				GCC_PREPROCESSOR_DEFINITIONS = (
					"DEBUG=1",
					"$(inherited)",
				);
				GCC_WARN_64_TO_32_BIT_CONVERSION = YES;
				GCC_WARN_ABOUT_RETURN_TYPE = YES_ERROR;
				GCC_WARN_UNDECLARED_SELECTOR = YES;
				GCC_WARN_UNINITIALIZED_AUTOS = YES_AGGRESSIVE;
				GCC_WARN_UNUSED_FUNCTION = YES;
				GCC_WARN_UNUSED_VARIABLE = YES;
				IPHONEOS_DEPLOYMENT_TARGET = 15.0;
				MTL_ENABLE_DEBUG_INFO = INCLUDE_SOURCE;
				MTL_FAST_MATH = YES;
				ONLY_ACTIVE_ARCH = YES;
				SDKROOT = iphoneos;
				SWIFT_ACTIVE_COMPILATION_CONDITIONS = DEBUG;
				SWIFT_OPTIMIZATION_LEVEL = "-Onone";
			};
			name = Debug;
		};
		3DD0A08A2706F4600051B9C8 /* Release */ = {
			isa = XCBuildConfiguration;
			buildSettings = {
				ALWAYS_SEARCH_USER_PATHS = NO;
				CLANG_ANALYZER_NONNULL = YES;
				CLANG_ANALYZER_NUMBER_OBJECT_CONVERSION = YES_AGGRESSIVE;
				CLANG_CXX_LANGUAGE_STANDARD = "gnu++17";
				CLANG_CXX_LIBRARY = "libc++";
				CLANG_ENABLE_MODULES = YES;
				CLANG_ENABLE_OBJC_ARC = YES;
				CLANG_ENABLE_OBJC_WEAK = YES;
				CLANG_WARN_BLOCK_CAPTURE_AUTORELEASING = YES;
				CLANG_WARN_BOOL_CONVERSION = YES;
				CLANG_WARN_COMMA = YES;
				CLANG_WARN_CONSTANT_CONVERSION = YES;
				CLANG_WARN_DEPRECATED_OBJC_IMPLEMENTATIONS = YES;
				CLANG_WARN_DIRECT_OBJC_ISA_USAGE = YES_ERROR;
				CLANG_WARN_DOCUMENTATION_COMMENTS = YES;
				CLANG_WARN_EMPTY_BODY = YES;
				CLANG_WARN_ENUM_CONVERSION = YES;
				CLANG_WARN_INFINITE_RECURSION = YES;
				CLANG_WARN_INT_CONVERSION = YES;
				CLANG_WARN_NON_LITERAL_NULL_CONVERSION = YES;
				CLANG_WARN_OBJC_IMPLICIT_RETAIN_SELF = YES;
				CLANG_WARN_OBJC_LITERAL_CONVERSION = YES;
				CLANG_WARN_OBJC_ROOT_CLASS = YES_ERROR;
				CLANG_WARN_QUOTED_INCLUDE_IN_FRAMEWORK_HEADER = YES;
				CLANG_WARN_RANGE_LOOP_ANALYSIS = YES;
				CLANG_WARN_STRICT_PROTOTYPES = YES;
				CLANG_WARN_SUSPICIOUS_MOVE = YES;
				CLANG_WARN_UNGUARDED_AVAILABILITY = YES_AGGRESSIVE;
				CLANG_WARN_UNREACHABLE_CODE = YES;
				CLANG_WARN__DUPLICATE_METHOD_MATCH = YES;
				COPY_PHASE_STRIP = NO;
				DEBUG_INFORMATION_FORMAT = "dwarf-with-dsym";
				ENABLE_NS_ASSERTIONS = NO;
				ENABLE_STRICT_OBJC_MSGSEND = YES;
				GCC_C_LANGUAGE_STANDARD = gnu11;
				GCC_NO_COMMON_BLOCKS = YES;
				GCC_WARN_64_TO_32_BIT_CONVERSION = YES;
				GCC_WARN_ABOUT_RETURN_TYPE = YES_ERROR;
				GCC_WARN_UNDECLARED_SELECTOR = YES;
				GCC_WARN_UNINITIALIZED_AUTOS = YES_AGGRESSIVE;
				GCC_WARN_UNUSED_FUNCTION = YES;
				GCC_WARN_UNUSED_VARIABLE = YES;
				IPHONEOS_DEPLOYMENT_TARGET = 15.0;
				MTL_ENABLE_DEBUG_INFO = NO;
				MTL_FAST_MATH = YES;
				SDKROOT = iphoneos;
				SWIFT_COMPILATION_MODE = wholemodule;
				SWIFT_OPTIMIZATION_LEVEL = "-O";
				VALIDATE_PRODUCT = YES;
			};
			name = Release;
		};
		3DD0A08C2706F4600051B9C8 /* Debug */ = {
			isa = XCBuildConfiguration;
			buildSettings = {
				ASSETCATALOG_COMPILER_APPICON_NAME = AppIcon;
				ASSETCATALOG_COMPILER_GLOBAL_ACCENT_COLOR_NAME = AccentColor;
				CODE_SIGN_STYLE = Automatic;
				CURRENT_PROJECT_VERSION = 1;
				DEVELOPMENT_TEAM = 87QA297FUT;
				GENERATE_INFOPLIST_FILE = YES;
				INFOPLIST_FILE = MVVMPractice/Info.plist;
				INFOPLIST_KEY_UIApplicationSupportsIndirectInputEvents = YES;
				INFOPLIST_KEY_UILaunchStoryboardName = LaunchScreen;
				INFOPLIST_KEY_UIMainStoryboardFile = Main;
				INFOPLIST_KEY_UISupportedInterfaceOrientations_iPad = "UIInterfaceOrientationPortrait UIInterfaceOrientationPortraitUpsideDown UIInterfaceOrientationLandscapeLeft UIInterfaceOrientationLandscapeRight";
				INFOPLIST_KEY_UISupportedInterfaceOrientations_iPhone = "UIInterfaceOrientationPortrait UIInterfaceOrientationLandscapeLeft UIInterfaceOrientationLandscapeRight";
				LD_RUNPATH_SEARCH_PATHS = (
					"$(inherited)",
					"@executable_path/Frameworks",
				);
				MARKETING_VERSION = 1.0;
				PRODUCT_BUNDLE_IDENTIFIER = com.kyoyaprog.MVVMPractice;
				PRODUCT_NAME = "$(TARGET_NAME)";
				SWIFT_EMIT_LOC_STRINGS = YES;
				SWIFT_VERSION = 5.0;
				TARGETED_DEVICE_FAMILY = "1,2";
			};
			name = Debug;
		};
		3DD0A08D2706F4600051B9C8 /* Release */ = {
			isa = XCBuildConfiguration;
			buildSettings = {
				ASSETCATALOG_COMPILER_APPICON_NAME = AppIcon;
				ASSETCATALOG_COMPILER_GLOBAL_ACCENT_COLOR_NAME = AccentColor;
				CODE_SIGN_STYLE = Automatic;
				CURRENT_PROJECT_VERSION = 1;
				DEVELOPMENT_TEAM = 87QA297FUT;
				GENERATE_INFOPLIST_FILE = YES;
				INFOPLIST_FILE = MVVMPractice/Info.plist;
				INFOPLIST_KEY_UIApplicationSupportsIndirectInputEvents = YES;
				INFOPLIST_KEY_UILaunchStoryboardName = LaunchScreen;
				INFOPLIST_KEY_UIMainStoryboardFile = Main;
				INFOPLIST_KEY_UISupportedInterfaceOrientations_iPad = "UIInterfaceOrientationPortrait UIInterfaceOrientationPortraitUpsideDown UIInterfaceOrientationLandscapeLeft UIInterfaceOrientationLandscapeRight";
				INFOPLIST_KEY_UISupportedInterfaceOrientations_iPhone = "UIInterfaceOrientationPortrait UIInterfaceOrientationLandscapeLeft UIInterfaceOrientationLandscapeRight";
				LD_RUNPATH_SEARCH_PATHS = (
					"$(inherited)",
					"@executable_path/Frameworks",
				);
				MARKETING_VERSION = 1.0;
				PRODUCT_BUNDLE_IDENTIFIER = com.kyoyaprog.MVVMPractice;
				PRODUCT_NAME = "$(TARGET_NAME)";
				SWIFT_EMIT_LOC_STRINGS = YES;
				SWIFT_VERSION = 5.0;
				TARGETED_DEVICE_FAMILY = "1,2";
			};
			name = Release;
		};
		3DD0A08F2706F4600051B9C8 /* Debug */ = {
			isa = XCBuildConfiguration;
			buildSettings = {
				ALWAYS_EMBED_SWIFT_STANDARD_LIBRARIES = YES;
				BUNDLE_LOADER = "$(TEST_HOST)";
				CODE_SIGN_STYLE = Automatic;
				CURRENT_PROJECT_VERSION = 1;
				DEVELOPMENT_TEAM = 87QA297FUT;
				GENERATE_INFOPLIST_FILE = YES;
				IPHONEOS_DEPLOYMENT_TARGET = 15.0;
				LD_RUNPATH_SEARCH_PATHS = (
					"$(inherited)",
					"@executable_path/Frameworks",
					"@loader_path/Frameworks",
				);
				MARKETING_VERSION = 1.0;
				PRODUCT_BUNDLE_IDENTIFIER = com.kyoyaprog.MVVMPracticeTests;
				PRODUCT_NAME = "$(TARGET_NAME)";
				SWIFT_EMIT_LOC_STRINGS = NO;
				SWIFT_VERSION = 5.0;
				TARGETED_DEVICE_FAMILY = "1,2";
				TEST_HOST = "$(BUILT_PRODUCTS_DIR)/MVVMPractice.app/MVVMPractice";
			};
			name = Debug;
		};
		3DD0A0902706F4600051B9C8 /* Release */ = {
			isa = XCBuildConfiguration;
			buildSettings = {
				ALWAYS_EMBED_SWIFT_STANDARD_LIBRARIES = YES;
				BUNDLE_LOADER = "$(TEST_HOST)";
				CODE_SIGN_STYLE = Automatic;
				CURRENT_PROJECT_VERSION = 1;
				DEVELOPMENT_TEAM = 87QA297FUT;
				GENERATE_INFOPLIST_FILE = YES;
				IPHONEOS_DEPLOYMENT_TARGET = 15.0;
				LD_RUNPATH_SEARCH_PATHS = (
					"$(inherited)",
					"@executable_path/Frameworks",
					"@loader_path/Frameworks",
				);
				MARKETING_VERSION = 1.0;
				PRODUCT_BUNDLE_IDENTIFIER = com.kyoyaprog.MVVMPracticeTests;
				PRODUCT_NAME = "$(TARGET_NAME)";
				SWIFT_EMIT_LOC_STRINGS = NO;
				SWIFT_VERSION = 5.0;
				TARGETED_DEVICE_FAMILY = "1,2";
				TEST_HOST = "$(BUILT_PRODUCTS_DIR)/MVVMPractice.app/MVVMPractice";
			};
			name = Release;
		};
		3DD0A0922706F4600051B9C8 /* Debug */ = {
			isa = XCBuildConfiguration;
			buildSettings = {
				ALWAYS_EMBED_SWIFT_STANDARD_LIBRARIES = YES;
				CODE_SIGN_STYLE = Automatic;
				CURRENT_PROJECT_VERSION = 1;
				DEVELOPMENT_TEAM = 87QA297FUT;
				GENERATE_INFOPLIST_FILE = YES;
				LD_RUNPATH_SEARCH_PATHS = (
					"$(inherited)",
					"@executable_path/Frameworks",
					"@loader_path/Frameworks",
				);
				MARKETING_VERSION = 1.0;
				PRODUCT_BUNDLE_IDENTIFIER = com.kyoyaprog.MVVMPracticeUITests;
				PRODUCT_NAME = "$(TARGET_NAME)";
				SWIFT_EMIT_LOC_STRINGS = NO;
				SWIFT_VERSION = 5.0;
				TARGETED_DEVICE_FAMILY = "1,2";
				TEST_TARGET_NAME = MVVMPractice;
			};
			name = Debug;
		};
		3DD0A0932706F4600051B9C8 /* Release */ = {
			isa = XCBuildConfiguration;
			buildSettings = {
				ALWAYS_EMBED_SWIFT_STANDARD_LIBRARIES = YES;
				CODE_SIGN_STYLE = Automatic;
				CURRENT_PROJECT_VERSION = 1;
				DEVELOPMENT_TEAM = 87QA297FUT;
				GENERATE_INFOPLIST_FILE = YES;
				LD_RUNPATH_SEARCH_PATHS = (
					"$(inherited)",
					"@executable_path/Frameworks",
					"@loader_path/Frameworks",
				);
				MARKETING_VERSION = 1.0;
				PRODUCT_BUNDLE_IDENTIFIER = com.kyoyaprog.MVVMPracticeUITests;
				PRODUCT_NAME = "$(TARGET_NAME)";
				SWIFT_EMIT_LOC_STRINGS = NO;
				SWIFT_VERSION = 5.0;
				TARGETED_DEVICE_FAMILY = "1,2";
				TEST_TARGET_NAME = MVVMPractice;
			};
			name = Release;
		};
/* End XCBuildConfiguration section */

/* Begin XCConfigurationList section */
		3DD0A05C2706F45C0051B9C8 /* Build configuration list for PBXProject "MVVMPractice" */ = {
			isa = XCConfigurationList;
			buildConfigurations = (
				3DD0A0892706F4600051B9C8 /* Debug */,
				3DD0A08A2706F4600051B9C8 /* Release */,
			);
			defaultConfigurationIsVisible = 0;
			defaultConfigurationName = Release;
		};
		3DD0A08B2706F4600051B9C8 /* Build configuration list for PBXNativeTarget "MVVMPractice" */ = {
			isa = XCConfigurationList;
			buildConfigurations = (
				3DD0A08C2706F4600051B9C8 /* Debug */,
				3DD0A08D2706F4600051B9C8 /* Release */,
			);
			defaultConfigurationIsVisible = 0;
			defaultConfigurationName = Release;
		};
		3DD0A08E2706F4600051B9C8 /* Build configuration list for PBXNativeTarget "MVVMPracticeTests" */ = {
			isa = XCConfigurationList;
			buildConfigurations = (
				3DD0A08F2706F4600051B9C8 /* Debug */,
				3DD0A0902706F4600051B9C8 /* Release */,
			);
			defaultConfigurationIsVisible = 0;
			defaultConfigurationName = Release;
		};
		3DD0A0912706F4600051B9C8 /* Build configuration list for PBXNativeTarget "MVVMPracticeUITests" */ = {
			isa = XCConfigurationList;
			buildConfigurations = (
				3DD0A0922706F4600051B9C8 /* Debug */,
				3DD0A0932706F4600051B9C8 /* Release */,
			);
			defaultConfigurationIsVisible = 0;
			defaultConfigurationName = Release;
		};
/* End XCConfigurationList section */

/* Begin XCRemoteSwiftPackageReference section */
		3D28CE5827072C2400F98B99 /* XCRemoteSwiftPackageReference "RxSwift" */ = {
			isa = XCRemoteSwiftPackageReference;
			repositoryURL = "https://github.com/ReactiveX/RxSwift.git";
			requirement = {
				branch = main;
				kind = branch;
			};
		};
/* End XCRemoteSwiftPackageReference section */

/* Begin XCSwiftPackageProductDependency section */
		3D28CE5B27072C2400F98B99 /* RxCocoa */ = {
			isa = XCSwiftPackageProductDependency;
			package = 3D28CE5827072C2400F98B99 /* XCRemoteSwiftPackageReference "RxSwift" */;
			productName = RxCocoa;
		};
		3D28CE5D27072C2400F98B99 /* RxRelay */ = {
			isa = XCSwiftPackageProductDependency;
			package = 3D28CE5827072C2400F98B99 /* XCRemoteSwiftPackageReference "RxSwift" */;
			productName = RxRelay;
		};
		3D28CE5F27072C2400F98B99 /* RxSwift */ = {
			isa = XCSwiftPackageProductDependency;
			package = 3D28CE5827072C2400F98B99 /* XCRemoteSwiftPackageReference "RxSwift" */;
			productName = RxSwift;
		};
/* End XCSwiftPackageProductDependency section */
	};
	rootObject = 3DD0A0592706F45C0051B9C8 /* Project object */;
}
